
Microsoft Visual Studio Solution File, Format Version 12.00
# Visual Studio Version 17
VisualStudioVersion = 17.2.32630.192
MinimumVisualStudioVersion = 10.0.40219.1
Project("{FAE04EC0-301F-11D3-BF4B-00C04F79EFBC}") = "assignment_sorting", "assignment_sorting.csproj", "{8F176A25-9415-404B-A5AD-0F9ED769C05C}"
EndProject
Global
	GlobalSection(SolutionConfigurationPlatforms) = preSolution
		Debug|Any CPU = Debug|Any CPU
		Release|Any CPU = Release|Any CPU
	EndGlobalSection
	GlobalSection(ProjectConfigurationPlatforms) = postSolution
		{8F176A25-9415-404B-A5AD-0F9ED769C05C}.Debug|Any CPU.ActiveCfg = Debug|Any CPU
		{8F176A25-9415-404B-A5AD-0F9ED769C05C}.Debug|Any CPU.Build.0 = Debug|Any CPU
		{8F176A25-9415-404B-A5AD-0F9ED769C05C}.Release|Any CPU.ActiveCfg = Release|Any CPU
		{8F176A25-9415-404B-A5AD-0F9ED769C05C}.Release|Any CPU.Build.0 = Release|Any CPU
	EndGlobalSection
	GlobalSection(SolutionProperties) = preSolution
		HideSolutionNode = FALSE
	EndGlobalSection
	GlobalSection(ExtensibilityGlobals) = postSolution
		SolutionGuid = {710126F0-8B37-4D57-87B4-D944E613CE6E}
	EndGlobalSection
EndGlobal
